
Microsoft Visual Studio Solution File, Format Version 12.00
# Visual Studio Version 17
VisualStudioVersion = 17.8.34511.84
MinimumVisualStudioVersion = 10.0.40219.1
Project("{8BC9CEB8-8B4A-11D0-8D11-00A0C91BC942}") = "Языки программирование 1", "Языки программирование 1\Языки программирование 1.vcxproj", "{AB098134-53EF-4DB6-8EDF-53D5D1AA19B8}"
EndProject
Global
	GlobalSection(SolutionConfigurationPlatforms) = preSolution
		Debug|x64 = Debug|x64
		Debug|x86 = Debug|x86
		Release|x64 = Release|x64
		Release|x86 = Release|x86
	EndGlobalSection
	GlobalSection(ProjectConfigurationPlatforms) = postSolution
		{AB098134-53EF-4DB6-8EDF-53D5D1AA19B8}.Debug|x64.ActiveCfg = Debug|x64
		{AB098134-53EF-4DB6-8EDF-53D5D1AA19B8}.Debug|x64.Build.0 = Debug|x64
		{AB098134-53EF-4DB6-8EDF-53D5D1AA19B8}.Debug|x86.ActiveCfg = Debug|Win32
		{AB098134-53EF-4DB6-8EDF-53D5D1AA19B8}.Debug|x86.Build.0 = Debug|Win32
		{AB098134-53EF-4DB6-8EDF-53D5D1AA19B8}.Release|x64.ActiveCfg = Release|x64
		{AB098134-53EF-4DB6-8EDF-53D5D1AA19B8}.Release|x64.Build.0 = Release|x64
		{AB098134-53EF-4DB6-8EDF-53D5D1AA19B8}.Release|x86.ActiveCfg = Release|Win32
		{AB098134-53EF-4DB6-8EDF-53D5D1AA19B8}.Release|x86.Build.0 = Release|Win32
	EndGlobalSection
	GlobalSection(SolutionProperties) = preSolution
		HideSolutionNode = FALSE
	EndGlobalSection
	GlobalSection(ExtensibilityGlobals) = postSolution
		SolutionGuid = {D906F375-756D-478C-96D6-14A5DD348D08}
	EndGlobalSection
EndGlobal
